
Microsoft Visual Studio Solution File, Format Version 12.00
# Visual Studio Version 16
VisualStudioVersion = 16.0.32407.337
MinimumVisualStudioVersion = 10.0.40219.1
Project("{9A19103F-16F7-4668-BE54-9A1E7A4F7556}") = "ObjectOrientedProgrammingIntroduction", "ObjectOrientedProgrammingIntroduction\ObjectOrientedProgrammingIntroduction.csproj", "{BF8160AF-AB18-4721-93A9-00D0D8A7F1A0}"
EndProject
Project("{FAE04EC0-301F-11D3-BF4B-00C04F79EFBC}") = "MoreObjectOrientation", "MoreObjectOrientation\MoreObjectOrientation.csproj", "{2AC3C681-EC04-4877-AF9C-05684C6252D6}"
EndProject
Project("{FAE04EC0-301F-11D3-BF4B-00C04F79EFBC}") = "RemainingTopics", "RemainingTopics\RemainingTopics.csproj", "{97A5CB79-2B27-41E5-AE9F-5373579E9432}"
EndProject
Global
	GlobalSection(SolutionConfigurationPlatforms) = preSolution
		Debug|Any CPU = Debug|Any CPU
		Release|Any CPU = Release|Any CPU
	EndGlobalSection
	GlobalSection(ProjectConfigurationPlatforms) = postSolution
		{BF8160AF-AB18-4721-93A9-00D0D8A7F1A0}.Debug|Any CPU.ActiveCfg = Debug|Any CPU
		{BF8160AF-AB18-4721-93A9-00D0D8A7F1A0}.Debug|Any CPU.Build.0 = Debug|Any CPU
		{BF8160AF-AB18-4721-93A9-00D0D8A7F1A0}.Release|Any CPU.ActiveCfg = Release|Any CPU
		{BF8160AF-AB18-4721-93A9-00D0D8A7F1A0}.Release|Any CPU.Build.0 = Release|Any CPU
		{2AC3C681-EC04-4877-AF9C-05684C6252D6}.Debug|Any CPU.ActiveCfg = Debug|Any CPU
		{2AC3C681-EC04-4877-AF9C-05684C6252D6}.Debug|Any CPU.Build.0 = Debug|Any CPU
		{2AC3C681-EC04-4877-AF9C-05684C6252D6}.Release|Any CPU.ActiveCfg = Release|Any CPU
		{2AC3C681-EC04-4877-AF9C-05684C6252D6}.Release|Any CPU.Build.0 = Release|Any CPU
		{97A5CB79-2B27-41E5-AE9F-5373579E9432}.Debug|Any CPU.ActiveCfg = Debug|Any CPU
		{97A5CB79-2B27-41E5-AE9F-5373579E9432}.Debug|Any CPU.Build.0 = Debug|Any CPU
		{97A5CB79-2B27-41E5-AE9F-5373579E9432}.Release|Any CPU.ActiveCfg = Release|Any CPU
		{97A5CB79-2B27-41E5-AE9F-5373579E9432}.Release|Any CPU.Build.0 = Release|Any CPU
	EndGlobalSection
	GlobalSection(SolutionProperties) = preSolution
		HideSolutionNode = FALSE
	EndGlobalSection
	GlobalSection(ExtensibilityGlobals) = postSolution
		SolutionGuid = {1D8B67BA-B317-4600-8C87-2E88F29B525C}
	EndGlobalSection
EndGlobal
